{
	"name": "blog.w0s.jp-public",
	"version": "1.0.0",
	"lockfileVersion": 2,
	"requires": true,
	"packages": {
		"": {
			"name": "blog.w0s.jp-public",
			"dependencies": {
				"@saekitominaga/customelements-button-clipboard": "^1.1.4",
				"@saekitominaga/customelements-button-confirm": "^1.1.4",
				"@saekitominaga/customelements-button-share": "^1.2.2",
				"@saekitominaga/customelements-input-file-preview": "^1.1.4",
				"@saekitominaga/customelements-portal": "^2.4.1",
				"@saekitominaga/customelements-tab": "^1.6.6",
				"@saekitominaga/customelements-tooltip-trigger": "^2.1.2",
				"@saekitominaga/htmlformelement-before-unload-confirm": "^1.2.4",
				"@saekitominaga/htmlformelement-submit-overlay": "^2.1.0",
				"@saekitominaga/paapi-item-image-url-parser": "^2.2.4",
				"@saekitominaga/report-js-error": "^1.2.3",
				"@saekitominaga/report-same-referrer": "^1.2.0",
				"@saekitominaga/string-convert": "^1.0.4"
			}
		},
		"node_modules/@saekitominaga/customelements-button-clipboard": {
			"version": "1.1.4",
			"resolved": "https://registry.npmjs.org/@saekitominaga/customelements-button-clipboard/-/customelements-button-clipboard-1.1.4.tgz",
			"integrity": "sha512-tdNrbHfKffgX9M36/nc0HvjoBOu8tAEodzuQWQGvDv2RUlJHic6ixhqT3EypRfYb4AkH/8duecccI79B1d6N0w=="
		},
		"node_modules/@saekitominaga/customelements-button-confirm": {
			"version": "1.1.4",
			"resolved": "https://registry.npmjs.org/@saekitominaga/customelements-button-confirm/-/customelements-button-confirm-1.1.4.tgz",
			"integrity": "sha512-dl50DdpsMphcvZAnqG4d7A+3lafVz41EkNDeehgEN4znK92UxzNXk/xlIv7trtGyQnTG3kukJ/94z8Wy0swsoA=="
		},
		"node_modules/@saekitominaga/customelements-button-share": {
			"version": "1.2.2",
			"resolved": "https://registry.npmjs.org/@saekitominaga/customelements-button-share/-/customelements-button-share-1.2.2.tgz",
			"integrity": "sha512-lkICCOhb7HASVnHb5xZjXlbqLTtYRFWFPDq7mLvJNEfGhy0bjoq+MRnJ6szSNRIhN7qkJMvBpCWbCw4Bmn1BsQ=="
		},
		"node_modules/@saekitominaga/customelements-input-file-preview": {
			"version": "1.1.4",
			"resolved": "https://registry.npmjs.org/@saekitominaga/customelements-input-file-preview/-/customelements-input-file-preview-1.1.4.tgz",
			"integrity": "sha512-2JWN1clFTyT86krcQJLYA4gH0/Qwz1sk6fuvu+DoG75v+Mcb61ZIa5ufvsrV9TUZZCMXNUhXoHihOdPs9FC9Dw==",
			"dependencies": {
				"html-escaper": "^3.0.3"
			}
		},
		"node_modules/@saekitominaga/customelements-portal": {
			"version": "2.4.1",
			"resolved": "https://registry.npmjs.org/@saekitominaga/customelements-portal/-/customelements-portal-2.4.1.tgz",
			"integrity": "sha512-egPpz/w5CYK/1q9pEVkdsAhBEXLCv2vJyo1WLWTA5GORntMXND+nb8wjwmsEVzV1rqtpPn9mczq8ePK9yy/vsw=="
		},
		"node_modules/@saekitominaga/customelements-tab": {
			"version": "1.6.6",
			"resolved": "https://registry.npmjs.org/@saekitominaga/customelements-tab/-/customelements-tab-1.6.6.tgz",
			"integrity": "sha512-A9mUOVwDyrWWwMEPcpiO8Kp4ELdFT19aJuTKROlz+cC1mzeGRMVgYCuK++1ZtDiXGuuVI0wNAUTGZCAIRTiaaQ=="
		},
		"node_modules/@saekitominaga/customelements-tooltip-trigger": {
			"version": "2.1.2",
			"resolved": "https://registry.npmjs.org/@saekitominaga/customelements-tooltip-trigger/-/customelements-tooltip-trigger-2.1.2.tgz",
			"integrity": "sha512-WTg2wl2ZzB+r7uydgMl0Wia8oR6TtUNT/MztbQDwymCoff9JbDCJ47GbsOUWd8bqPbxPy37Zk7hYJUC1eoT/pg=="
		},
		"node_modules/@saekitominaga/htmlformelement-before-unload-confirm": {
			"version": "1.2.4",
			"resolved": "https://registry.npmjs.org/@saekitominaga/htmlformelement-before-unload-confirm/-/htmlformelement-before-unload-confirm-1.2.4.tgz",
			"integrity": "sha512-mRUwQIzX+Grp2YNUrLf69OIAGcgJmdBGSElX5XiHq0+iZ9SPrNX6FyQ+p7L3gEQx/0SpoVGisYHwfa5QAxhn7w=="
		},
		"node_modules/@saekitominaga/htmlformelement-submit-overlay": {
			"version": "2.1.0",
			"resolved": "https://registry.npmjs.org/@saekitominaga/htmlformelement-submit-overlay/-/htmlformelement-submit-overlay-2.1.0.tgz",
			"integrity": "sha512-ABNajdulBag5nLIvgkYBykfg8JbxaaRfww4XtMq9o8Opl67vQPhmO6NqnYe6Yj+Ip8h5VaOK56HZlWXYemsA8A=="
		},
		"node_modules/@saekitominaga/paapi-item-image-url-parser": {
			"version": "2.2.4",
			"resolved": "https://registry.npmjs.org/@saekitominaga/paapi-item-image-url-parser/-/paapi-item-image-url-parser-2.2.4.tgz",
			"integrity": "sha512-BWpM66tfEtfvlehmh9/Orx3NBkDMUjSIpOrZ8AGeKcNDNaroHpmx29Rp3AhItvV6hNBnEBCgSpWjiWD+TUx2uA=="
		},
		"node_modules/@saekitominaga/report-js-error": {
			"version": "1.2.3",
			"resolved": "https://registry.npmjs.org/@saekitominaga/report-js-error/-/report-js-error-1.2.3.tgz",
			"integrity": "sha512-/cVIOIsioDe2LkchAo9uRocRJ/vv7mwHA+iyyOVtKkQI+sj9O/np9GK7h6RtR+kWixyjx0hBm1dRsFytrSKkEA=="
		},
		"node_modules/@saekitominaga/report-same-referrer": {
			"version": "1.2.0",
			"resolved": "https://registry.npmjs.org/@saekitominaga/report-same-referrer/-/report-same-referrer-1.2.0.tgz",
			"integrity": "sha512-iqYLM7iWj90GXZHiunoliVE8vXpeoHfPRJS6nSgzqwc8OYeA3GggdNQKTxAxZGv0LLzylyVYCkuayioxK6i5kg=="
		},
		"node_modules/@saekitominaga/string-convert": {
			"version": "1.0.4",
			"resolved": "https://registry.npmjs.org/@saekitominaga/string-convert/-/string-convert-1.0.4.tgz",
			"integrity": "sha512-wxJTphXpR7WfGYWmwWnoalcMWEkcpHSvEsdk6GsSZrT/JPnGk5zx/cVMkW55nbxUbIQ7XS45TOZqoYx8LXOIWw=="
		},
		"node_modules/html-escaper": {
			"version": "3.0.3",
			"resolved": "https://registry.npmjs.org/html-escaper/-/html-escaper-3.0.3.tgz",
			"integrity": "sha512-RuMffC89BOWQoY0WKGpIhn5gX3iI54O6nRA0yC124NYVtzjmFWBIiFd8M0x+ZdX0P9R4lADg1mgP8C7PxGOWuQ=="
		}
	},
	"dependencies": {
		"@saekitominaga/customelements-button-clipboard": {
			"version": "1.1.4",
			"resolved": "https://registry.npmjs.org/@saekitominaga/customelements-button-clipboard/-/customelements-button-clipboard-1.1.4.tgz",
			"integrity": "sha512-tdNrbHfKffgX9M36/nc0HvjoBOu8tAEodzuQWQGvDv2RUlJHic6ixhqT3EypRfYb4AkH/8duecccI79B1d6N0w=="
		},
		"@saekitominaga/customelements-button-confirm": {
			"version": "1.1.4",
			"resolved": "https://registry.npmjs.org/@saekitominaga/customelements-button-confirm/-/customelements-button-confirm-1.1.4.tgz",
			"integrity": "sha512-dl50DdpsMphcvZAnqG4d7A+3lafVz41EkNDeehgEN4znK92UxzNXk/xlIv7trtGyQnTG3kukJ/94z8Wy0swsoA=="
		},
		"@saekitominaga/customelements-button-share": {
			"version": "1.2.2",
			"resolved": "https://registry.npmjs.org/@saekitominaga/customelements-button-share/-/customelements-button-share-1.2.2.tgz",
			"integrity": "sha512-lkICCOhb7HASVnHb5xZjXlbqLTtYRFWFPDq7mLvJNEfGhy0bjoq+MRnJ6szSNRIhN7qkJMvBpCWbCw4Bmn1BsQ=="
		},
		"@saekitominaga/customelements-input-file-preview": {
			"version": "1.1.4",
			"resolved": "https://registry.npmjs.org/@saekitominaga/customelements-input-file-preview/-/customelements-input-file-preview-1.1.4.tgz",
			"integrity": "sha512-2JWN1clFTyT86krcQJLYA4gH0/Qwz1sk6fuvu+DoG75v+Mcb61ZIa5ufvsrV9TUZZCMXNUhXoHihOdPs9FC9Dw==",
			"requires": {
				"html-escaper": "^3.0.3"
			}
		},
		"@saekitominaga/customelements-portal": {
			"version": "2.4.1",
			"resolved": "https://registry.npmjs.org/@saekitominaga/customelements-portal/-/customelements-portal-2.4.1.tgz",
			"integrity": "sha512-egPpz/w5CYK/1q9pEVkdsAhBEXLCv2vJyo1WLWTA5GORntMXND+nb8wjwmsEVzV1rqtpPn9mczq8ePK9yy/vsw=="
		},
		"@saekitominaga/customelements-tab": {
			"version": "1.6.6",
			"resolved": "https://registry.npmjs.org/@saekitominaga/customelements-tab/-/customelements-tab-1.6.6.tgz",
			"integrity": "sha512-A9mUOVwDyrWWwMEPcpiO8Kp4ELdFT19aJuTKROlz+cC1mzeGRMVgYCuK++1ZtDiXGuuVI0wNAUTGZCAIRTiaaQ=="
		},
		"@saekitominaga/customelements-tooltip-trigger": {
			"version": "2.1.2",
			"resolved": "https://registry.npmjs.org/@saekitominaga/customelements-tooltip-trigger/-/customelements-tooltip-trigger-2.1.2.tgz",
			"integrity": "sha512-WTg2wl2ZzB+r7uydgMl0Wia8oR6TtUNT/MztbQDwymCoff9JbDCJ47GbsOUWd8bqPbxPy37Zk7hYJUC1eoT/pg=="
		},
		"@saekitominaga/htmlformelement-before-unload-confirm": {
			"version": "1.2.4",
			"resolved": "https://registry.npmjs.org/@saekitominaga/htmlformelement-before-unload-confirm/-/htmlformelement-before-unload-confirm-1.2.4.tgz",
			"integrity": "sha512-mRUwQIzX+Grp2YNUrLf69OIAGcgJmdBGSElX5XiHq0+iZ9SPrNX6FyQ+p7L3gEQx/0SpoVGisYHwfa5QAxhn7w=="
		},
		"@saekitominaga/htmlformelement-submit-overlay": {
			"version": "2.1.0",
			"resolved": "https://registry.npmjs.org/@saekitominaga/htmlformelement-submit-overlay/-/htmlformelement-submit-overlay-2.1.0.tgz",
			"integrity": "sha512-ABNajdulBag5nLIvgkYBykfg8JbxaaRfww4XtMq9o8Opl67vQPhmO6NqnYe6Yj+Ip8h5VaOK56HZlWXYemsA8A=="
		},
		"@saekitominaga/paapi-item-image-url-parser": {
			"version": "2.2.4",
			"resolved": "https://registry.npmjs.org/@saekitominaga/paapi-item-image-url-parser/-/paapi-item-image-url-parser-2.2.4.tgz",
			"integrity": "sha512-BWpM66tfEtfvlehmh9/Orx3NBkDMUjSIpOrZ8AGeKcNDNaroHpmx29Rp3AhItvV6hNBnEBCgSpWjiWD+TUx2uA=="
		},
		"@saekitominaga/report-js-error": {
			"version": "1.2.3",
			"resolved": "https://registry.npmjs.org/@saekitominaga/report-js-error/-/report-js-error-1.2.3.tgz",
			"integrity": "sha512-/cVIOIsioDe2LkchAo9uRocRJ/vv7mwHA+iyyOVtKkQI+sj9O/np9GK7h6RtR+kWixyjx0hBm1dRsFytrSKkEA=="
		},
		"@saekitominaga/report-same-referrer": {
			"version": "1.2.0",
			"resolved": "https://registry.npmjs.org/@saekitominaga/report-same-referrer/-/report-same-referrer-1.2.0.tgz",
			"integrity": "sha512-iqYLM7iWj90GXZHiunoliVE8vXpeoHfPRJS6nSgzqwc8OYeA3GggdNQKTxAxZGv0LLzylyVYCkuayioxK6i5kg=="
		},
		"@saekitominaga/string-convert": {
			"version": "1.0.4",
			"resolved": "https://registry.npmjs.org/@saekitominaga/string-convert/-/string-convert-1.0.4.tgz",
			"integrity": "sha512-wxJTphXpR7WfGYWmwWnoalcMWEkcpHSvEsdk6GsSZrT/JPnGk5zx/cVMkW55nbxUbIQ7XS45TOZqoYx8LXOIWw=="
		},
		"html-escaper": {
			"version": "3.0.3",
			"resolved": "https://registry.npmjs.org/html-escaper/-/html-escaper-3.0.3.tgz",
			"integrity": "sha512-RuMffC89BOWQoY0WKGpIhn5gX3iI54O6nRA0yC124NYVtzjmFWBIiFd8M0x+ZdX0P9R4lADg1mgP8C7PxGOWuQ=="
		}
	}
}
