{
	"name": "blog.w0s.jp-public",
	"version": "1.0.0",
	"lockfileVersion": 2,
	"requires": true,
	"packages": {
		"": {
			"name": "blog.w0s.jp-public",
			"version": "1.0.0",
			"dependencies": {
				"@saekitominaga/customelements-button-clipboard": "^1.1.0",
				"@saekitominaga/customelements-button-confirm": "^1.1.1",
				"@saekitominaga/customelements-button-share": "^1.1.0",
				"@saekitominaga/customelements-input-file-preview": "^1.1.1",
				"@saekitominaga/customelements-portal": "^2.3.0",
				"@saekitominaga/customelements-tab": "^1.6.1",
				"@saekitominaga/customelements-tooltip": "^1.2.0",
				"@saekitominaga/customelements-tooltip-trigger": "^1.2.1",
				"@saekitominaga/htmlformelement-before-unload-confirm": "^1.2.1",
				"@saekitominaga/paapi-item-image-url-parser": "^2.1.1",
				"@saekitominaga/report-js-error": "^1.2.0",
				"@saekitominaga/report-same-referrer": "^1.1.0",
				"@saekitominaga/string-convert": "^1.0.2"
			}
		},
		"node_modules/@saekitominaga/customelements-button-clipboard": {
			"version": "1.1.0",
			"resolved": "https://registry.npmjs.org/@saekitominaga/customelements-button-clipboard/-/customelements-button-clipboard-1.1.0.tgz",
			"integrity": "sha512-b7iAs2ds3pmCs4cLVPC9Y81K6iev+xQMAS+4f9UObtM8pExz/0RNLrqoil0c++cIZwieBnh5VSJfE1aTC8mj2g=="
		},
		"node_modules/@saekitominaga/customelements-button-confirm": {
			"version": "1.1.1",
			"resolved": "https://registry.npmjs.org/@saekitominaga/customelements-button-confirm/-/customelements-button-confirm-1.1.1.tgz",
			"integrity": "sha512-KAXcHbr8Yx4Erv8taWsRtpDH0BprL7FdzWvZjFMhkGCzrEbem8+wZlLyaQODXQwRhMjvgeQX9I0OtWZQzYaCUg=="
		},
		"node_modules/@saekitominaga/customelements-button-share": {
			"version": "1.1.0",
			"resolved": "https://registry.npmjs.org/@saekitominaga/customelements-button-share/-/customelements-button-share-1.1.0.tgz",
			"integrity": "sha512-008DEsTFanvjFe1CL2VjeDjeL5soXQ1C688A2MiV1d7MwZVveglhfHIEQfml7k3wRW3Eh5yD4/P/9CIvSNnBPA=="
		},
		"node_modules/@saekitominaga/customelements-input-file-preview": {
			"version": "1.1.1",
			"resolved": "https://registry.npmjs.org/@saekitominaga/customelements-input-file-preview/-/customelements-input-file-preview-1.1.1.tgz",
			"integrity": "sha512-vZMES6jYEp7X0K7fXflOVw3pMjZDPCwDxe5gWNExRhrCaVSZlEGRcwROJDt6RNGFEVzD2AQNlkboAySGF0SNMw=="
		},
		"node_modules/@saekitominaga/customelements-portal": {
			"version": "2.3.0",
			"resolved": "https://registry.npmjs.org/@saekitominaga/customelements-portal/-/customelements-portal-2.3.0.tgz",
			"integrity": "sha512-nfKbpDV4g93YrDe7gRr/thenjE+qM2WoaTDwWhHHpseq2AqxjUBD+54VVk2hHOL8SYg8JuBjVCvymx+JgKSl3A=="
		},
		"node_modules/@saekitominaga/customelements-tab": {
			"version": "1.6.1",
			"resolved": "https://registry.npmjs.org/@saekitominaga/customelements-tab/-/customelements-tab-1.6.1.tgz",
			"integrity": "sha512-ovnBwt5Gu7d1DayBj+CAOLSJJuySWUEn1TkWPyNh6FanMvq20PQYD0rhvhCdrP6hNrysaW5xO/RxhRK62nk8Ag=="
		},
		"node_modules/@saekitominaga/customelements-tooltip": {
			"version": "1.2.0",
			"resolved": "https://registry.npmjs.org/@saekitominaga/customelements-tooltip/-/customelements-tooltip-1.2.0.tgz",
			"integrity": "sha512-0NH0yj244Tkey4PXYUhA97BHPCvCDbvIvtT+C/SWueuyQ8ySLcDpsgypb5CGdl0JshnLXuHBnVr4sriCKvb09w=="
		},
		"node_modules/@saekitominaga/customelements-tooltip-trigger": {
			"version": "1.2.1",
			"resolved": "https://registry.npmjs.org/@saekitominaga/customelements-tooltip-trigger/-/customelements-tooltip-trigger-1.2.1.tgz",
			"integrity": "sha512-x54c+UKUEIefrsvp63r0imIuDP/tOyTAElx6X+DwnmVsdkNk3d7q8KlKqg5hzzoW8DTJGSP3beWjD2wA5Du8+g==",
			"dependencies": {
				"@saekitominaga/customelements-tooltip": "^1.2.0",
				"@saekitominaga/document-generate-id": "^1.2.0",
				"@saekitominaga/document-maximum-zindex": "^1.2.0"
			}
		},
		"node_modules/@saekitominaga/document-generate-id": {
			"version": "1.2.0",
			"resolved": "https://registry.npmjs.org/@saekitominaga/document-generate-id/-/document-generate-id-1.2.0.tgz",
			"integrity": "sha512-JhzSVORUhcpFjGA3daKOyXqvJe6PBqkIvqm/y/Q3rX0nJ9a4OG9YyBIq08kyAu5k7q6PZ9pPtSeL/Y8YU0+P/g=="
		},
		"node_modules/@saekitominaga/document-maximum-zindex": {
			"version": "1.2.0",
			"resolved": "https://registry.npmjs.org/@saekitominaga/document-maximum-zindex/-/document-maximum-zindex-1.2.0.tgz",
			"integrity": "sha512-H37Dz/wKleFVFOkO3J/feXG1Ng83ZhVZC0Y4keH5n0itpWmWt2yqn1Po/WHX+lJRmfY7lHxK07AIsi4dydkMJQ=="
		},
		"node_modules/@saekitominaga/htmlformelement-before-unload-confirm": {
			"version": "1.2.1",
			"resolved": "https://registry.npmjs.org/@saekitominaga/htmlformelement-before-unload-confirm/-/htmlformelement-before-unload-confirm-1.2.1.tgz",
			"integrity": "sha512-yzLTT5tklspL5potM/R4xhQyCcINgxMGZEkCxxnC5KIJL22WJqynUhv/SJ4sEl4+KBa+/WKsMWXTt6ibYbO5yg=="
		},
		"node_modules/@saekitominaga/paapi-item-image-url-parser": {
			"version": "2.1.1",
			"resolved": "https://registry.npmjs.org/@saekitominaga/paapi-item-image-url-parser/-/paapi-item-image-url-parser-2.1.1.tgz",
			"integrity": "sha512-AHnfalatSMWb8eEKi6ILityrAoornOj9R58Xw4UAlQLsJqCwgiGFyREF95Yc0nih+f0uXZkcv+q0uPeVcQXkMg=="
		},
		"node_modules/@saekitominaga/report-js-error": {
			"version": "1.2.0",
			"resolved": "https://registry.npmjs.org/@saekitominaga/report-js-error/-/report-js-error-1.2.0.tgz",
			"integrity": "sha512-TmGsYChsjfL27uotLEe2IwL3dtzajnxf75o3CTK4H/9IjRO5fsQ5kTmBouHxqIrPSxJSWf18ONsIwnvMbb+sZQ=="
		},
		"node_modules/@saekitominaga/report-same-referrer": {
			"version": "1.1.0",
			"resolved": "https://registry.npmjs.org/@saekitominaga/report-same-referrer/-/report-same-referrer-1.1.0.tgz",
			"integrity": "sha512-vll4ROsgakn2j1pKWXYiUYaVSsRIoqREIolhZSnkwDXxVkmGHkgST9ngja+grwAcV/7kt76mlPKjX4W1L7erig=="
		},
		"node_modules/@saekitominaga/string-convert": {
			"version": "1.0.2",
			"resolved": "https://registry.npmjs.org/@saekitominaga/string-convert/-/string-convert-1.0.2.tgz",
			"integrity": "sha512-9AyTNM5KoEXlY5DgW76n/bNWZ6azQOkyIve9S5KN8PZXepFGOHHvN1nFEjuvEvmerem3XB9XEhA0ptA0x5gj2g=="
		}
	},
	"dependencies": {
		"@saekitominaga/customelements-button-clipboard": {
			"version": "1.1.0",
			"resolved": "https://registry.npmjs.org/@saekitominaga/customelements-button-clipboard/-/customelements-button-clipboard-1.1.0.tgz",
			"integrity": "sha512-b7iAs2ds3pmCs4cLVPC9Y81K6iev+xQMAS+4f9UObtM8pExz/0RNLrqoil0c++cIZwieBnh5VSJfE1aTC8mj2g=="
		},
		"@saekitominaga/customelements-button-confirm": {
			"version": "1.1.1",
			"resolved": "https://registry.npmjs.org/@saekitominaga/customelements-button-confirm/-/customelements-button-confirm-1.1.1.tgz",
			"integrity": "sha512-KAXcHbr8Yx4Erv8taWsRtpDH0BprL7FdzWvZjFMhkGCzrEbem8+wZlLyaQODXQwRhMjvgeQX9I0OtWZQzYaCUg=="
		},
		"@saekitominaga/customelements-button-share": {
			"version": "1.1.0",
			"resolved": "https://registry.npmjs.org/@saekitominaga/customelements-button-share/-/customelements-button-share-1.1.0.tgz",
			"integrity": "sha512-008DEsTFanvjFe1CL2VjeDjeL5soXQ1C688A2MiV1d7MwZVveglhfHIEQfml7k3wRW3Eh5yD4/P/9CIvSNnBPA=="
		},
		"@saekitominaga/customelements-input-file-preview": {
			"version": "1.1.1",
			"resolved": "https://registry.npmjs.org/@saekitominaga/customelements-input-file-preview/-/customelements-input-file-preview-1.1.1.tgz",
			"integrity": "sha512-vZMES6jYEp7X0K7fXflOVw3pMjZDPCwDxe5gWNExRhrCaVSZlEGRcwROJDt6RNGFEVzD2AQNlkboAySGF0SNMw=="
		},
		"@saekitominaga/customelements-portal": {
			"version": "2.3.0",
			"resolved": "https://registry.npmjs.org/@saekitominaga/customelements-portal/-/customelements-portal-2.3.0.tgz",
			"integrity": "sha512-nfKbpDV4g93YrDe7gRr/thenjE+qM2WoaTDwWhHHpseq2AqxjUBD+54VVk2hHOL8SYg8JuBjVCvymx+JgKSl3A=="
		},
		"@saekitominaga/customelements-tab": {
			"version": "1.6.1",
			"resolved": "https://registry.npmjs.org/@saekitominaga/customelements-tab/-/customelements-tab-1.6.1.tgz",
			"integrity": "sha512-ovnBwt5Gu7d1DayBj+CAOLSJJuySWUEn1TkWPyNh6FanMvq20PQYD0rhvhCdrP6hNrysaW5xO/RxhRK62nk8Ag=="
		},
		"@saekitominaga/customelements-tooltip": {
			"version": "1.2.0",
			"resolved": "https://registry.npmjs.org/@saekitominaga/customelements-tooltip/-/customelements-tooltip-1.2.0.tgz",
			"integrity": "sha512-0NH0yj244Tkey4PXYUhA97BHPCvCDbvIvtT+C/SWueuyQ8ySLcDpsgypb5CGdl0JshnLXuHBnVr4sriCKvb09w=="
		},
		"@saekitominaga/customelements-tooltip-trigger": {
			"version": "1.2.1",
			"resolved": "https://registry.npmjs.org/@saekitominaga/customelements-tooltip-trigger/-/customelements-tooltip-trigger-1.2.1.tgz",
			"integrity": "sha512-x54c+UKUEIefrsvp63r0imIuDP/tOyTAElx6X+DwnmVsdkNk3d7q8KlKqg5hzzoW8DTJGSP3beWjD2wA5Du8+g==",
			"requires": {
				"@saekitominaga/customelements-tooltip": "^1.2.0",
				"@saekitominaga/document-generate-id": "^1.2.0",
				"@saekitominaga/document-maximum-zindex": "^1.2.0"
			}
		},
		"@saekitominaga/document-generate-id": {
			"version": "1.2.0",
			"resolved": "https://registry.npmjs.org/@saekitominaga/document-generate-id/-/document-generate-id-1.2.0.tgz",
			"integrity": "sha512-JhzSVORUhcpFjGA3daKOyXqvJe6PBqkIvqm/y/Q3rX0nJ9a4OG9YyBIq08kyAu5k7q6PZ9pPtSeL/Y8YU0+P/g=="
		},
		"@saekitominaga/document-maximum-zindex": {
			"version": "1.2.0",
			"resolved": "https://registry.npmjs.org/@saekitominaga/document-maximum-zindex/-/document-maximum-zindex-1.2.0.tgz",
			"integrity": "sha512-H37Dz/wKleFVFOkO3J/feXG1Ng83ZhVZC0Y4keH5n0itpWmWt2yqn1Po/WHX+lJRmfY7lHxK07AIsi4dydkMJQ=="
		},
		"@saekitominaga/htmlformelement-before-unload-confirm": {
			"version": "1.2.1",
			"resolved": "https://registry.npmjs.org/@saekitominaga/htmlformelement-before-unload-confirm/-/htmlformelement-before-unload-confirm-1.2.1.tgz",
			"integrity": "sha512-yzLTT5tklspL5potM/R4xhQyCcINgxMGZEkCxxnC5KIJL22WJqynUhv/SJ4sEl4+KBa+/WKsMWXTt6ibYbO5yg=="
		},
		"@saekitominaga/paapi-item-image-url-parser": {
			"version": "2.1.1",
			"resolved": "https://registry.npmjs.org/@saekitominaga/paapi-item-image-url-parser/-/paapi-item-image-url-parser-2.1.1.tgz",
			"integrity": "sha512-AHnfalatSMWb8eEKi6ILityrAoornOj9R58Xw4UAlQLsJqCwgiGFyREF95Yc0nih+f0uXZkcv+q0uPeVcQXkMg=="
		},
		"@saekitominaga/report-js-error": {
			"version": "1.2.0",
			"resolved": "https://registry.npmjs.org/@saekitominaga/report-js-error/-/report-js-error-1.2.0.tgz",
			"integrity": "sha512-TmGsYChsjfL27uotLEe2IwL3dtzajnxf75o3CTK4H/9IjRO5fsQ5kTmBouHxqIrPSxJSWf18ONsIwnvMbb+sZQ=="
		},
		"@saekitominaga/report-same-referrer": {
			"version": "1.1.0",
			"resolved": "https://registry.npmjs.org/@saekitominaga/report-same-referrer/-/report-same-referrer-1.1.0.tgz",
			"integrity": "sha512-vll4ROsgakn2j1pKWXYiUYaVSsRIoqREIolhZSnkwDXxVkmGHkgST9ngja+grwAcV/7kt76mlPKjX4W1L7erig=="
		},
		"@saekitominaga/string-convert": {
			"version": "1.0.2",
			"resolved": "https://registry.npmjs.org/@saekitominaga/string-convert/-/string-convert-1.0.2.tgz",
			"integrity": "sha512-9AyTNM5KoEXlY5DgW76n/bNWZ6azQOkyIve9S5KN8PZXepFGOHHvN1nFEjuvEvmerem3XB9XEhA0ptA0x5gj2g=="
		}
	}
}
