{
	"name": "blog.w0s.jp-public",
	"version": "1.0.0",
	"lockfileVersion": 2,
	"requires": true,
	"packages": {
		"": {
			"name": "blog.w0s.jp-public",
			"version": "1.0.0",
			"dependencies": {
				"@saekitominaga/customelements-button-clipboard": "^1.1.3",
				"@saekitominaga/customelements-button-confirm": "^1.1.3",
				"@saekitominaga/customelements-button-share": "^1.2.1",
				"@saekitominaga/customelements-input-file-preview": "^1.1.3",
				"@saekitominaga/customelements-portal": "^2.4.0",
				"@saekitominaga/customelements-tab": "^1.6.4",
				"@saekitominaga/customelements-tooltip-trigger": "^2.1.1",
				"@saekitominaga/htmlformelement-before-unload-confirm": "^1.2.3",
				"@saekitominaga/paapi-item-image-url-parser": "^2.2.4",
				"@saekitominaga/report-js-error": "^1.2.2",
				"@saekitominaga/report-same-referrer": "^1.1.2",
				"@saekitominaga/string-convert": "^1.0.4"
			}
		},
		"node_modules/@saekitominaga/customelements-button-clipboard": {
			"version": "1.1.3",
			"resolved": "https://registry.npmjs.org/@saekitominaga/customelements-button-clipboard/-/customelements-button-clipboard-1.1.3.tgz",
			"integrity": "sha512-1ShyDEsqt4agpfJum/UgCfSeOQi6/4zIATdt1KroBv6MEaAJKTu1yMKn2lCU7ZFpChBz20pRsCtv1pyuoCaTwA=="
		},
		"node_modules/@saekitominaga/customelements-button-confirm": {
			"version": "1.1.3",
			"resolved": "https://registry.npmjs.org/@saekitominaga/customelements-button-confirm/-/customelements-button-confirm-1.1.3.tgz",
			"integrity": "sha512-Da9F/EvvkOfFureQ9pSN2R3dpdS7FfWqwqCqzk65KndZk2WpaoCmsm9dSsiD5OYYm6ahIdgLTnNi6UkJ3zW1sQ=="
		},
		"node_modules/@saekitominaga/customelements-button-share": {
			"version": "1.2.1",
			"resolved": "https://registry.npmjs.org/@saekitominaga/customelements-button-share/-/customelements-button-share-1.2.1.tgz",
			"integrity": "sha512-+jpdfyozngGC1gnE7UEQa4Do48QSqq6lEOux54Bn7m7MEat6E+U5kPCY+igsMEE83WxCGo8QShG9FZMbLov/kg=="
		},
		"node_modules/@saekitominaga/customelements-input-file-preview": {
			"version": "1.1.3",
			"resolved": "https://registry.npmjs.org/@saekitominaga/customelements-input-file-preview/-/customelements-input-file-preview-1.1.3.tgz",
			"integrity": "sha512-I3yvIfXM0JC8Ed6qscqYtm8PEDEmf4hUGOTpSRRI8Fc7RXkpTwfllUhcn9D6Q5ZK9iL4JDoF13fOg5wTc1K3TQ==",
			"dependencies": {
				"html-escaper": "^3.0.3"
			}
		},
		"node_modules/@saekitominaga/customelements-portal": {
			"version": "2.4.0",
			"resolved": "https://registry.npmjs.org/@saekitominaga/customelements-portal/-/customelements-portal-2.4.0.tgz",
			"integrity": "sha512-yUeGn+5h+9jrdGAJ5Mks0UDpVKt5Q6/Fdn5AxzC1yZfk7qgbJShKUw9FoItwqrMmDrnBYtT0CSc5kfE/ipvX0w=="
		},
		"node_modules/@saekitominaga/customelements-tab": {
			"version": "1.6.4",
			"resolved": "https://registry.npmjs.org/@saekitominaga/customelements-tab/-/customelements-tab-1.6.4.tgz",
			"integrity": "sha512-3YsWXsYsTTZ4R89w8NmzvBq1eygFOGZ5pEUtIvhxz+SWub4b5dh+lhn8e/rL9VTQWBBEPe4PINmVH0zvYPKB9Q=="
		},
		"node_modules/@saekitominaga/customelements-tooltip-trigger": {
			"version": "2.1.1",
			"resolved": "https://registry.npmjs.org/@saekitominaga/customelements-tooltip-trigger/-/customelements-tooltip-trigger-2.1.1.tgz",
			"integrity": "sha512-jswyFgeLOXev55z5mhjPv+b4LMrvQK+0Av41HdlNz1Y7NpEP8i1fiu8D64T8DmLZh8c+RatHqrljE2kLT8Q4Lw=="
		},
		"node_modules/@saekitominaga/htmlformelement-before-unload-confirm": {
			"version": "1.2.3",
			"resolved": "https://registry.npmjs.org/@saekitominaga/htmlformelement-before-unload-confirm/-/htmlformelement-before-unload-confirm-1.2.3.tgz",
			"integrity": "sha512-o8WmIdR6PYFZaTTdmf4fA5+XAAVvSIFgVPTEd0Mp7unAOCUzITIJE/m+nNF+KJEamFFzt9JO2Nxmik66KR56MQ=="
		},
		"node_modules/@saekitominaga/paapi-item-image-url-parser": {
			"version": "2.2.4",
			"resolved": "https://registry.npmjs.org/@saekitominaga/paapi-item-image-url-parser/-/paapi-item-image-url-parser-2.2.4.tgz",
			"integrity": "sha512-BWpM66tfEtfvlehmh9/Orx3NBkDMUjSIpOrZ8AGeKcNDNaroHpmx29Rp3AhItvV6hNBnEBCgSpWjiWD+TUx2uA=="
		},
		"node_modules/@saekitominaga/report-js-error": {
			"version": "1.2.2",
			"resolved": "https://registry.npmjs.org/@saekitominaga/report-js-error/-/report-js-error-1.2.2.tgz",
			"integrity": "sha512-5nJuKiPa1rNBTSB8ElXZdYXVXqDxpD7v0Czt67cW4RWOCJLUXQwS6JymUCmcdL3lzf4ICtFyKSNc+lhCDH3K4g=="
		},
		"node_modules/@saekitominaga/report-same-referrer": {
			"version": "1.1.2",
			"resolved": "https://registry.npmjs.org/@saekitominaga/report-same-referrer/-/report-same-referrer-1.1.2.tgz",
			"integrity": "sha512-R+TloXJWyz9Uxh5PZScLMPbaKXIZOwLrHeL+yP7u/k2jOlOJXXK4fIT6Lm5+j+3S0IxuSBDdl0rugE4Rye46kQ=="
		},
		"node_modules/@saekitominaga/string-convert": {
			"version": "1.0.4",
			"resolved": "https://registry.npmjs.org/@saekitominaga/string-convert/-/string-convert-1.0.4.tgz",
			"integrity": "sha512-wxJTphXpR7WfGYWmwWnoalcMWEkcpHSvEsdk6GsSZrT/JPnGk5zx/cVMkW55nbxUbIQ7XS45TOZqoYx8LXOIWw=="
		},
		"node_modules/html-escaper": {
			"version": "3.0.3",
			"resolved": "https://registry.npmjs.org/html-escaper/-/html-escaper-3.0.3.tgz",
			"integrity": "sha512-RuMffC89BOWQoY0WKGpIhn5gX3iI54O6nRA0yC124NYVtzjmFWBIiFd8M0x+ZdX0P9R4lADg1mgP8C7PxGOWuQ=="
		}
	},
	"dependencies": {
		"@saekitominaga/customelements-button-clipboard": {
			"version": "1.1.3",
			"resolved": "https://registry.npmjs.org/@saekitominaga/customelements-button-clipboard/-/customelements-button-clipboard-1.1.3.tgz",
			"integrity": "sha512-1ShyDEsqt4agpfJum/UgCfSeOQi6/4zIATdt1KroBv6MEaAJKTu1yMKn2lCU7ZFpChBz20pRsCtv1pyuoCaTwA=="
		},
		"@saekitominaga/customelements-button-confirm": {
			"version": "1.1.3",
			"resolved": "https://registry.npmjs.org/@saekitominaga/customelements-button-confirm/-/customelements-button-confirm-1.1.3.tgz",
			"integrity": "sha512-Da9F/EvvkOfFureQ9pSN2R3dpdS7FfWqwqCqzk65KndZk2WpaoCmsm9dSsiD5OYYm6ahIdgLTnNi6UkJ3zW1sQ=="
		},
		"@saekitominaga/customelements-button-share": {
			"version": "1.2.1",
			"resolved": "https://registry.npmjs.org/@saekitominaga/customelements-button-share/-/customelements-button-share-1.2.1.tgz",
			"integrity": "sha512-+jpdfyozngGC1gnE7UEQa4Do48QSqq6lEOux54Bn7m7MEat6E+U5kPCY+igsMEE83WxCGo8QShG9FZMbLov/kg=="
		},
		"@saekitominaga/customelements-input-file-preview": {
			"version": "1.1.3",
			"resolved": "https://registry.npmjs.org/@saekitominaga/customelements-input-file-preview/-/customelements-input-file-preview-1.1.3.tgz",
			"integrity": "sha512-I3yvIfXM0JC8Ed6qscqYtm8PEDEmf4hUGOTpSRRI8Fc7RXkpTwfllUhcn9D6Q5ZK9iL4JDoF13fOg5wTc1K3TQ==",
			"requires": {
				"html-escaper": "^3.0.3"
			}
		},
		"@saekitominaga/customelements-portal": {
			"version": "2.4.0",
			"resolved": "https://registry.npmjs.org/@saekitominaga/customelements-portal/-/customelements-portal-2.4.0.tgz",
			"integrity": "sha512-yUeGn+5h+9jrdGAJ5Mks0UDpVKt5Q6/Fdn5AxzC1yZfk7qgbJShKUw9FoItwqrMmDrnBYtT0CSc5kfE/ipvX0w=="
		},
		"@saekitominaga/customelements-tab": {
			"version": "1.6.4",
			"resolved": "https://registry.npmjs.org/@saekitominaga/customelements-tab/-/customelements-tab-1.6.4.tgz",
			"integrity": "sha512-3YsWXsYsTTZ4R89w8NmzvBq1eygFOGZ5pEUtIvhxz+SWub4b5dh+lhn8e/rL9VTQWBBEPe4PINmVH0zvYPKB9Q=="
		},
		"@saekitominaga/customelements-tooltip-trigger": {
			"version": "2.1.1",
			"resolved": "https://registry.npmjs.org/@saekitominaga/customelements-tooltip-trigger/-/customelements-tooltip-trigger-2.1.1.tgz",
			"integrity": "sha512-jswyFgeLOXev55z5mhjPv+b4LMrvQK+0Av41HdlNz1Y7NpEP8i1fiu8D64T8DmLZh8c+RatHqrljE2kLT8Q4Lw=="
		},
		"@saekitominaga/htmlformelement-before-unload-confirm": {
			"version": "1.2.3",
			"resolved": "https://registry.npmjs.org/@saekitominaga/htmlformelement-before-unload-confirm/-/htmlformelement-before-unload-confirm-1.2.3.tgz",
			"integrity": "sha512-o8WmIdR6PYFZaTTdmf4fA5+XAAVvSIFgVPTEd0Mp7unAOCUzITIJE/m+nNF+KJEamFFzt9JO2Nxmik66KR56MQ=="
		},
		"@saekitominaga/paapi-item-image-url-parser": {
			"version": "2.2.4",
			"resolved": "https://registry.npmjs.org/@saekitominaga/paapi-item-image-url-parser/-/paapi-item-image-url-parser-2.2.4.tgz",
			"integrity": "sha512-BWpM66tfEtfvlehmh9/Orx3NBkDMUjSIpOrZ8AGeKcNDNaroHpmx29Rp3AhItvV6hNBnEBCgSpWjiWD+TUx2uA=="
		},
		"@saekitominaga/report-js-error": {
			"version": "1.2.2",
			"resolved": "https://registry.npmjs.org/@saekitominaga/report-js-error/-/report-js-error-1.2.2.tgz",
			"integrity": "sha512-5nJuKiPa1rNBTSB8ElXZdYXVXqDxpD7v0Czt67cW4RWOCJLUXQwS6JymUCmcdL3lzf4ICtFyKSNc+lhCDH3K4g=="
		},
		"@saekitominaga/report-same-referrer": {
			"version": "1.1.2",
			"resolved": "https://registry.npmjs.org/@saekitominaga/report-same-referrer/-/report-same-referrer-1.1.2.tgz",
			"integrity": "sha512-R+TloXJWyz9Uxh5PZScLMPbaKXIZOwLrHeL+yP7u/k2jOlOJXXK4fIT6Lm5+j+3S0IxuSBDdl0rugE4Rye46kQ=="
		},
		"@saekitominaga/string-convert": {
			"version": "1.0.4",
			"resolved": "https://registry.npmjs.org/@saekitominaga/string-convert/-/string-convert-1.0.4.tgz",
			"integrity": "sha512-wxJTphXpR7WfGYWmwWnoalcMWEkcpHSvEsdk6GsSZrT/JPnGk5zx/cVMkW55nbxUbIQ7XS45TOZqoYx8LXOIWw=="
		},
		"html-escaper": {
			"version": "3.0.3",
			"resolved": "https://registry.npmjs.org/html-escaper/-/html-escaper-3.0.3.tgz",
			"integrity": "sha512-RuMffC89BOWQoY0WKGpIhn5gX3iI54O6nRA0yC124NYVtzjmFWBIiFd8M0x+ZdX0P9R4lADg1mgP8C7PxGOWuQ=="
		}
	}
}
